
Microsoft Visual Studio Solution File, Format Version 12.00
# Visual Studio Version 16
VisualStudioVersion = 16.0.31402.337
MinimumVisualStudioVersion = 10.0.40219.1
Project("{FAE04EC0-301F-11D3-BF4B-00C04F79EFBC}") = "Calculator", "Calculator\Calculator.csproj", "{9566A426-EC57-4725-98DF-4D56E843299E}"
EndProject
Global
	GlobalSection(SolutionConfigurationPlatforms) = preSolution
		Debug|Any CPU = Debug|Any CPU
		Release|Any CPU = Release|Any CPU
	EndGlobalSection
	GlobalSection(ProjectConfigurationPlatforms) = postSolution
		{9566A426-EC57-4725-98DF-4D56E843299E}.Debug|Any CPU.ActiveCfg = Debug|Any CPU
		{9566A426-EC57-4725-98DF-4D56E843299E}.Debug|Any CPU.Build.0 = Debug|Any CPU
		{9566A426-EC57-4725-98DF-4D56E843299E}.Release|Any CPU.ActiveCfg = Release|Any CPU
		{9566A426-EC57-4725-98DF-4D56E843299E}.Release|Any CPU.Build.0 = Release|Any CPU
	EndGlobalSection
	GlobalSection(SolutionProperties) = preSolution
		HideSolutionNode = FALSE
	EndGlobalSection
	GlobalSection(ExtensibilityGlobals) = postSolution
		SolutionGuid = {9C68F6D1-3DCC-466A-904B-DD211D190FB8}
	EndGlobalSection
EndGlobal
